
Microsoft Visual Studio Solution File, Format Version 12.00
# Visual Studio Version 17
VisualStudioVersion = 17.0.31903.59
MinimumVisualStudioVersion = 10.0.40219.1
Project("{2150E333-8FDC-42A3-9474-1A3956D46DE8}") = "src", "src", "{827E0CD3-B72D-47B6-A68D-7590B98EB39B}"
EndProject
Project("{FAE04EC0-301F-11D3-BF4B-00C04F79EFBC}") = "TaskRunner.Core", "src\TaskRunner.Core\TaskRunner.Core.csproj", "{F14E77D9-C9E1-422F-88A7-6EC143D566A8}"
EndProject
Project("{FAE04EC0-301F-11D3-BF4B-00C04F79EFBC}") = "TaskRunner.Api", "src\TaskRunner.Api\TaskRunner.Api.csproj", "{62516D5E-E034-4DD6-A181-2D46AC7A0A50}"
EndProject
Project("{FAE04EC0-301F-11D3-BF4B-00C04F79EFBC}") = "TaskRunner.Worker", "src\TaskRunner.Worker\TaskRunner.Worker.csproj", "{25F9E900-E324-491A-9D54-A08086BB3193}"
EndProject
Project("{2150E333-8FDC-42A3-9474-1A3956D46DE8}") = "tests", "tests", "{0AB3BF05-4346-4AA6-1389-037BE0695223}"
EndProject
Project("{FAE04EC0-301F-11D3-BF4B-00C04F79EFBC}") = "TaskRunner.Tests", "tests\TaskRunner.Tests\TaskRunner.Tests.csproj", "{F7CB8724-6A62-4BDE-8826-CAF6E3C2C05D}"
EndProject
Project("{FAE04EC0-301F-11D3-BF4B-00C04F79EFBC}") = "TaskRunner.Hangfire", "src\TaskRunner.Hangfire\TaskRunner.Hangfire.csproj", "{01689C4A-AA44-4170-920B-D53586F17971}"
EndProject
Project("{FAE04EC0-301F-11D3-BF4B-00C04F79EFBC}") = "TaskRunner.Bilibili", "src\TaskRunner.Bilibili\TaskRunner.Bilibili.csproj", "{97F15884-500C-445B-B7F2-851B7921A955}"
EndProject
Global
	GlobalSection(SolutionConfigurationPlatforms) = preSolution
		Debug|Any CPU = Debug|Any CPU
		Debug|x64 = Debug|x64
		Debug|x86 = Debug|x86
		Release|Any CPU = Release|Any CPU
		Release|x64 = Release|x64
		Release|x86 = Release|x86
	EndGlobalSection
	GlobalSection(ProjectConfigurationPlatforms) = postSolution
		{F14E77D9-C9E1-422F-88A7-6EC143D566A8}.Debug|Any CPU.ActiveCfg = Debug|Any CPU
		{F14E77D9-C9E1-422F-88A7-6EC143D566A8}.Debug|Any CPU.Build.0 = Debug|Any CPU
		{F14E77D9-C9E1-422F-88A7-6EC143D566A8}.Debug|x64.ActiveCfg = Debug|Any CPU
		{F14E77D9-C9E1-422F-88A7-6EC143D566A8}.Debug|x64.Build.0 = Debug|Any CPU
		{F14E77D9-C9E1-422F-88A7-6EC143D566A8}.Debug|x86.ActiveCfg = Debug|Any CPU
		{F14E77D9-C9E1-422F-88A7-6EC143D566A8}.Debug|x86.Build.0 = Debug|Any CPU
		{F14E77D9-C9E1-422F-88A7-6EC143D566A8}.Release|Any CPU.ActiveCfg = Release|Any CPU
		{F14E77D9-C9E1-422F-88A7-6EC143D566A8}.Release|Any CPU.Build.0 = Release|Any CPU
		{F14E77D9-C9E1-422F-88A7-6EC143D566A8}.Release|x64.ActiveCfg = Release|Any CPU
		{F14E77D9-C9E1-422F-88A7-6EC143D566A8}.Release|x64.Build.0 = Release|Any CPU
		{F14E77D9-C9E1-422F-88A7-6EC143D566A8}.Release|x86.ActiveCfg = Release|Any CPU
		{F14E77D9-C9E1-422F-88A7-6EC143D566A8}.Release|x86.Build.0 = Release|Any CPU
		{62516D5E-E034-4DD6-A181-2D46AC7A0A50}.Debug|Any CPU.ActiveCfg = Debug|Any CPU
		{62516D5E-E034-4DD6-A181-2D46AC7A0A50}.Debug|Any CPU.Build.0 = Debug|Any CPU
		{62516D5E-E034-4DD6-A181-2D46AC7A0A50}.Debug|x64.ActiveCfg = Debug|Any CPU
		{62516D5E-E034-4DD6-A181-2D46AC7A0A50}.Debug|x64.Build.0 = Debug|Any CPU
		{62516D5E-E034-4DD6-A181-2D46AC7A0A50}.Debug|x86.ActiveCfg = Debug|Any CPU
		{62516D5E-E034-4DD6-A181-2D46AC7A0A50}.Debug|x86.Build.0 = Debug|Any CPU
		{62516D5E-E034-4DD6-A181-2D46AC7A0A50}.Release|Any CPU.ActiveCfg = Release|Any CPU
		{62516D5E-E034-4DD6-A181-2D46AC7A0A50}.Release|Any CPU.Build.0 = Release|Any CPU
		{62516D5E-E034-4DD6-A181-2D46AC7A0A50}.Release|x64.ActiveCfg = Release|Any CPU
		{62516D5E-E034-4DD6-A181-2D46AC7A0A50}.Release|x64.Build.0 = Release|Any CPU
		{62516D5E-E034-4DD6-A181-2D46AC7A0A50}.Release|x86.ActiveCfg = Release|Any CPU
		{62516D5E-E034-4DD6-A181-2D46AC7A0A50}.Release|x86.Build.0 = Release|Any CPU
		{25F9E900-E324-491A-9D54-A08086BB3193}.Debug|Any CPU.ActiveCfg = Debug|Any CPU
		{25F9E900-E324-491A-9D54-A08086BB3193}.Debug|Any CPU.Build.0 = Debug|Any CPU
		{25F9E900-E324-491A-9D54-A08086BB3193}.Debug|x64.ActiveCfg = Debug|Any CPU
		{25F9E900-E324-491A-9D54-A08086BB3193}.Debug|x64.Build.0 = Debug|Any CPU
		{25F9E900-E324-491A-9D54-A08086BB3193}.Debug|x86.ActiveCfg = Debug|Any CPU
		{25F9E900-E324-491A-9D54-A08086BB3193}.Debug|x86.Build.0 = Debug|Any CPU
		{25F9E900-E324-491A-9D54-A08086BB3193}.Release|Any CPU.ActiveCfg = Release|Any CPU
		{25F9E900-E324-491A-9D54-A08086BB3193}.Release|Any CPU.Build.0 = Release|Any CPU
		{25F9E900-E324-491A-9D54-A08086BB3193}.Release|x64.ActiveCfg = Release|Any CPU
		{25F9E900-E324-491A-9D54-A08086BB3193}.Release|x64.Build.0 = Release|Any CPU
		{25F9E900-E324-491A-9D54-A08086BB3193}.Release|x86.ActiveCfg = Release|Any CPU
		{25F9E900-E324-491A-9D54-A08086BB3193}.Release|x86.Build.0 = Release|Any CPU
		{F7CB8724-6A62-4BDE-8826-CAF6E3C2C05D}.Debug|Any CPU.ActiveCfg = Debug|Any CPU
		{F7CB8724-6A62-4BDE-8826-CAF6E3C2C05D}.Debug|Any CPU.Build.0 = Debug|Any CPU
		{F7CB8724-6A62-4BDE-8826-CAF6E3C2C05D}.Debug|x64.ActiveCfg = Debug|Any CPU
		{F7CB8724-6A62-4BDE-8826-CAF6E3C2C05D}.Debug|x64.Build.0 = Debug|Any CPU
		{F7CB8724-6A62-4BDE-8826-CAF6E3C2C05D}.Debug|x86.ActiveCfg = Debug|Any CPU
		{F7CB8724-6A62-4BDE-8826-CAF6E3C2C05D}.Debug|x86.Build.0 = Debug|Any CPU
		{F7CB8724-6A62-4BDE-8826-CAF6E3C2C05D}.Release|Any CPU.ActiveCfg = Release|Any CPU
		{F7CB8724-6A62-4BDE-8826-CAF6E3C2C05D}.Release|Any CPU.Build.0 = Release|Any CPU
		{F7CB8724-6A62-4BDE-8826-CAF6E3C2C05D}.Release|x64.ActiveCfg = Release|Any CPU
		{F7CB8724-6A62-4BDE-8826-CAF6E3C2C05D}.Release|x64.Build.0 = Release|Any CPU
		{F7CB8724-6A62-4BDE-8826-CAF6E3C2C05D}.Release|x86.ActiveCfg = Release|Any CPU
		{F7CB8724-6A62-4BDE-8826-CAF6E3C2C05D}.Release|x86.Build.0 = Release|Any CPU
		{01689C4A-AA44-4170-920B-D53586F17971}.Debug|Any CPU.ActiveCfg = Debug|Any CPU
		{01689C4A-AA44-4170-920B-D53586F17971}.Debug|Any CPU.Build.0 = Debug|Any CPU
		{01689C4A-AA44-4170-920B-D53586F17971}.Debug|x64.ActiveCfg = Debug|Any CPU
		{01689C4A-AA44-4170-920B-D53586F17971}.Debug|x64.Build.0 = Debug|Any CPU
		{01689C4A-AA44-4170-920B-D53586F17971}.Debug|x86.ActiveCfg = Debug|Any CPU
		{01689C4A-AA44-4170-920B-D53586F17971}.Debug|x86.Build.0 = Debug|Any CPU
		{01689C4A-AA44-4170-920B-D53586F17971}.Release|Any CPU.ActiveCfg = Release|Any CPU
		{01689C4A-AA44-4170-920B-D53586F17971}.Release|Any CPU.Build.0 = Release|Any CPU
		{01689C4A-AA44-4170-920B-D53586F17971}.Release|x64.ActiveCfg = Release|Any CPU
		{01689C4A-AA44-4170-920B-D53586F17971}.Release|x64.Build.0 = Release|Any CPU
		{01689C4A-AA44-4170-920B-D53586F17971}.Release|x86.ActiveCfg = Release|Any CPU
		{01689C4A-AA44-4170-920B-D53586F17971}.Release|x86.Build.0 = Release|Any CPU
		{97F15884-500C-445B-B7F2-851B7921A955}.Debug|Any CPU.ActiveCfg = Debug|Any CPU
		{97F15884-500C-445B-B7F2-851B7921A955}.Debug|Any CPU.Build.0 = Debug|Any CPU
		{97F15884-500C-445B-B7F2-851B7921A955}.Debug|x64.ActiveCfg = Debug|Any CPU
		{97F15884-500C-445B-B7F2-851B7921A955}.Debug|x64.Build.0 = Debug|Any CPU
		{97F15884-500C-445B-B7F2-851B7921A955}.Debug|x86.ActiveCfg = Debug|Any CPU
		{97F15884-500C-445B-B7F2-851B7921A955}.Debug|x86.Build.0 = Debug|Any CPU
		{97F15884-500C-445B-B7F2-851B7921A955}.Release|Any CPU.ActiveCfg = Release|Any CPU
		{97F15884-500C-445B-B7F2-851B7921A955}.Release|Any CPU.Build.0 = Release|Any CPU
		{97F15884-500C-445B-B7F2-851B7921A955}.Release|x64.ActiveCfg = Release|Any CPU
		{97F15884-500C-445B-B7F2-851B7921A955}.Release|x64.Build.0 = Release|Any CPU
		{97F15884-500C-445B-B7F2-851B7921A955}.Release|x86.ActiveCfg = Release|Any CPU
		{97F15884-500C-445B-B7F2-851B7921A955}.Release|x86.Build.0 = Release|Any CPU
	EndGlobalSection
	GlobalSection(SolutionProperties) = preSolution
		HideSolutionNode = FALSE
	EndGlobalSection
	GlobalSection(NestedProjects) = preSolution
		{F14E77D9-C9E1-422F-88A7-6EC143D566A8} = {827E0CD3-B72D-47B6-A68D-7590B98EB39B}
		{62516D5E-E034-4DD6-A181-2D46AC7A0A50} = {827E0CD3-B72D-47B6-A68D-7590B98EB39B}
		{25F9E900-E324-491A-9D54-A08086BB3193} = {827E0CD3-B72D-47B6-A68D-7590B98EB39B}
		{F7CB8724-6A62-4BDE-8826-CAF6E3C2C05D} = {0AB3BF05-4346-4AA6-1389-037BE0695223}
		{01689C4A-AA44-4170-920B-D53586F17971} = {827E0CD3-B72D-47B6-A68D-7590B98EB39B}
		{97F15884-500C-445B-B7F2-851B7921A955} = {827E0CD3-B72D-47B6-A68D-7590B98EB39B}
	EndGlobalSection
EndGlobal
